
Microsoft Visual Studio Solution File, Format Version 12.00
# Visual Studio 2017
Project("{FAE04EC0-301F-11D3-BF4B-00C04F79EFBC}") = "STUFF", "STUFF.csproj", "{205B943B-9373-7A29-34A7-2DEF2FB27C9D}"
EndProject
Project("{FAE04EC0-301F-11D3-BF4B-00C04F79EFBC}") = "STUFF", "STUFF.csproj", "{205B943B-9373-7A29-34A7-2DEF2FB27C9D}"
EndProject
Project("{FAE04EC0-301F-11D3-BF4B-00C04F79EFBC}") = "STUFF", "STUFF.csproj", "{205B943B-9373-7A29-34A7-2DEF2FB27C9D}"
EndProject
Project("{FAE04EC0-301F-11D3-BF4B-00C04F79EFBC}") = "STUFF", "STUFF.csproj", "{205B943B-9373-7A29-34A7-2DEF2FB27C9D}"
EndProject
Project("{FAE04EC0-301F-11D3-BF4B-00C04F79EFBC}") = "STUFF.Editor", "STUFF.Editor.csproj", "{33BA40C3-E879-9BD9-7A2F-02B326C04082}"
EndProject
Project("{FAE04EC0-301F-11D3-BF4B-00C04F79EFBC}") = "STUFF.Editor", "STUFF.Editor.csproj", "{33BA40C3-E879-9BD9-7A2F-02B326C04082}"
EndProject
Project("{FAE04EC0-301F-11D3-BF4B-00C04F79EFBC}") = "STUFF.Editor", "STUFF.Editor.csproj", "{33BA40C3-E879-9BD9-7A2F-02B326C04082}"
EndProject
Project("{FAE04EC0-301F-11D3-BF4B-00C04F79EFBC}") = "STUFF.Editor", "STUFF.Editor.csproj", "{33BA40C3-E879-9BD9-7A2F-02B326C04082}"
EndProject
Project("{FAE04EC0-301F-11D3-BF4B-00C04F79EFBC}") = "STUFF.Editor", "STUFF.Editor.csproj", "{33BA40C3-E879-9BD9-7A2F-02B326C04082}"
EndProject
Project("{FAE04EC0-301F-11D3-BF4B-00C04F79EFBC}") = "STUFF.Editor", "STUFF.Editor.csproj", "{33BA40C3-E879-9BD9-7A2F-02B326C04082}"
EndProject
Project("{FAE04EC0-301F-11D3-BF4B-00C04F79EFBC}") = "STUFF", "STUFF.csproj", "{205B943B-9373-7A29-34A7-2DEF2FB27C9D}"
EndProject
Project("{FAE04EC0-301F-11D3-BF4B-00C04F79EFBC}") = "STUFF.Editor", "STUFF.Editor.csproj", "{33BA40C3-E879-9BD9-7A2F-02B326C04082}"
EndProject
Global
	GlobalSection(SolutionConfigurationPlatforms) = preSolution
		Debug|Any CPU = Debug|Any CPU
		Release|Any CPU = Release|Any CPU
	EndGlobalSection
	GlobalSection(ProjectConfigurationPlatforms) = postSolution
		{205B943B-9373-7A29-34A7-2DEF2FB27C9D}.Debug|Any CPU.ActiveCfg = Debug|Any CPU
		{205B943B-9373-7A29-34A7-2DEF2FB27C9D}.Debug|Any CPU.Build.0 = Debug|Any CPU
		{205B943B-9373-7A29-34A7-2DEF2FB27C9D}.Release|Any CPU.ActiveCfg = Release|Any CPU
		{205B943B-9373-7A29-34A7-2DEF2FB27C9D}.Release|Any CPU.Build.0 = Release|Any CPU
		{205B943B-9373-7A29-34A7-2DEF2FB27C9D}.Debug|Any CPU.ActiveCfg = Debug|Any CPU
		{205B943B-9373-7A29-34A7-2DEF2FB27C9D}.Debug|Any CPU.Build.0 = Debug|Any CPU
		{205B943B-9373-7A29-34A7-2DEF2FB27C9D}.Release|Any CPU.ActiveCfg = Release|Any CPU
		{205B943B-9373-7A29-34A7-2DEF2FB27C9D}.Release|Any CPU.Build.0 = Release|Any CPU
		{205B943B-9373-7A29-34A7-2DEF2FB27C9D}.Debug|Any CPU.ActiveCfg = Debug|Any CPU
		{205B943B-9373-7A29-34A7-2DEF2FB27C9D}.Debug|Any CPU.Build.0 = Debug|Any CPU
		{205B943B-9373-7A29-34A7-2DEF2FB27C9D}.Release|Any CPU.ActiveCfg = Release|Any CPU
		{205B943B-9373-7A29-34A7-2DEF2FB27C9D}.Release|Any CPU.Build.0 = Release|Any CPU
		{205B943B-9373-7A29-34A7-2DEF2FB27C9D}.Debug|Any CPU.ActiveCfg = Debug|Any CPU
		{205B943B-9373-7A29-34A7-2DEF2FB27C9D}.Debug|Any CPU.Build.0 = Debug|Any CPU
		{205B943B-9373-7A29-34A7-2DEF2FB27C9D}.Release|Any CPU.ActiveCfg = Release|Any CPU
		{205B943B-9373-7A29-34A7-2DEF2FB27C9D}.Release|Any CPU.Build.0 = Release|Any CPU
		{33BA40C3-E879-9BD9-7A2F-02B326C04082}.Debug|Any CPU.ActiveCfg = Debug|Any CPU
		{33BA40C3-E879-9BD9-7A2F-02B326C04082}.Debug|Any CPU.Build.0 = Debug|Any CPU
		{33BA40C3-E879-9BD9-7A2F-02B326C04082}.Release|Any CPU.ActiveCfg = Release|Any CPU
		{33BA40C3-E879-9BD9-7A2F-02B326C04082}.Release|Any CPU.Build.0 = Release|Any CPU
		{33BA40C3-E879-9BD9-7A2F-02B326C04082}.Debug|Any CPU.ActiveCfg = Debug|Any CPU
		{33BA40C3-E879-9BD9-7A2F-02B326C04082}.Debug|Any CPU.Build.0 = Debug|Any CPU
		{33BA40C3-E879-9BD9-7A2F-02B326C04082}.Release|Any CPU.ActiveCfg = Release|Any CPU
		{33BA40C3-E879-9BD9-7A2F-02B326C04082}.Release|Any CPU.Build.0 = Release|Any CPU
		{33BA40C3-E879-9BD9-7A2F-02B326C04082}.Debug|Any CPU.ActiveCfg = Debug|Any CPU
		{33BA40C3-E879-9BD9-7A2F-02B326C04082}.Debug|Any CPU.Build.0 = Debug|Any CPU
		{33BA40C3-E879-9BD9-7A2F-02B326C04082}.Release|Any CPU.ActiveCfg = Release|Any CPU
		{33BA40C3-E879-9BD9-7A2F-02B326C04082}.Release|Any CPU.Build.0 = Release|Any CPU
		{33BA40C3-E879-9BD9-7A2F-02B326C04082}.Debug|Any CPU.ActiveCfg = Debug|Any CPU
		{33BA40C3-E879-9BD9-7A2F-02B326C04082}.Debug|Any CPU.Build.0 = Debug|Any CPU
		{33BA40C3-E879-9BD9-7A2F-02B326C04082}.Release|Any CPU.ActiveCfg = Release|Any CPU
		{33BA40C3-E879-9BD9-7A2F-02B326C04082}.Release|Any CPU.Build.0 = Release|Any CPU
		{33BA40C3-E879-9BD9-7A2F-02B326C04082}.Debug|Any CPU.ActiveCfg = Debug|Any CPU
		{33BA40C3-E879-9BD9-7A2F-02B326C04082}.Debug|Any CPU.Build.0 = Debug|Any CPU
		{33BA40C3-E879-9BD9-7A2F-02B326C04082}.Release|Any CPU.ActiveCfg = Release|Any CPU
		{33BA40C3-E879-9BD9-7A2F-02B326C04082}.Release|Any CPU.Build.0 = Release|Any CPU
		{33BA40C3-E879-9BD9-7A2F-02B326C04082}.Debug|Any CPU.ActiveCfg = Debug|Any CPU
		{33BA40C3-E879-9BD9-7A2F-02B326C04082}.Debug|Any CPU.Build.0 = Debug|Any CPU
		{33BA40C3-E879-9BD9-7A2F-02B326C04082}.Release|Any CPU.ActiveCfg = Release|Any CPU
		{33BA40C3-E879-9BD9-7A2F-02B326C04082}.Release|Any CPU.Build.0 = Release|Any CPU
		{205B943B-9373-7A29-34A7-2DEF2FB27C9D}.Debug|Any CPU.ActiveCfg = Debug|Any CPU
		{205B943B-9373-7A29-34A7-2DEF2FB27C9D}.Debug|Any CPU.Build.0 = Debug|Any CPU
		{205B943B-9373-7A29-34A7-2DEF2FB27C9D}.Release|Any CPU.ActiveCfg = Release|Any CPU
		{205B943B-9373-7A29-34A7-2DEF2FB27C9D}.Release|Any CPU.Build.0 = Release|Any CPU
		{33BA40C3-E879-9BD9-7A2F-02B326C04082}.Debug|Any CPU.ActiveCfg = Debug|Any CPU
		{33BA40C3-E879-9BD9-7A2F-02B326C04082}.Debug|Any CPU.Build.0 = Debug|Any CPU
		{33BA40C3-E879-9BD9-7A2F-02B326C04082}.Release|Any CPU.ActiveCfg = Release|Any CPU
		{33BA40C3-E879-9BD9-7A2F-02B326C04082}.Release|Any CPU.Build.0 = Release|Any CPU
	EndGlobalSection
	GlobalSection(SolutionProperties) = preSolution
		HideSolutionNode = FALSE
	EndGlobalSection
EndGlobal
